
Microsoft Visual Studio Solution File, Format Version 12.00
# Visual Studio Version 16
VisualStudioVersion = 16.0.33927.289
MinimumVisualStudioVersion = 10.0.40219.1
Project("{2150E333-8FDC-42A3-9474-1A3956D46DE8}") = "Task0", "Task0", "{213C9603-13CA-4974-8B86-2D3C9E567B3A}"
EndProject
Project("{FAE04EC0-301F-11D3-BF4B-00C04F79EFBC}") = "Tyuiu.ZaripovEO.Sprint6.Task0.V22.Lib", "Tyuiu.ZaripovEO.Sprint6.Task0.V22.Lib\Tyuiu.ZaripovEO.Sprint6.Task0.V22.Lib.csproj", "{10489844-638D-4FBE-9EFA-9DEC36C7B78E}"
EndProject
Project("{FAE04EC0-301F-11D3-BF4B-00C04F79EFBC}") = "Tyuiu.ZaripovEO.Sprint6.Task0.V22.Test", "Tyuiu.ZaripovEO.Sprint6.Task0.V22.Test\Tyuiu.ZaripovEO.Sprint6.Task0.V22.Test.csproj", "{F02F2B79-4EE5-4322-BD04-51238D74011C}"
EndProject
Project("{FAE04EC0-301F-11D3-BF4B-00C04F79EFBC}") = "Tyuiu.ZaripovEO.Sprint6.Task0.V22", "Tyuiu.ZaripovEO.Sprint6.Task0.V22\Tyuiu.ZaripovEO.Sprint6.Task0.V22.csproj", "{AD2F76E5-D7CF-4E4F-914A-4CA591F1959D}"
EndProject
Project("{2150E333-8FDC-42A3-9474-1A3956D46DE8}") = "Task1", "Task1", "{AC0E55ED-06FC-4BEA-A1F3-C2D5570BCF1E}"
EndProject
Project("{FAE04EC0-301F-11D3-BF4B-00C04F79EFBC}") = "Tyuiu.ZaripovEO.Sprint6.Task1.V13", "Tyuiu.ZaripovEO.Sprint6.Task1.V13\Tyuiu.ZaripovEO.Sprint6.Task1.V13.csproj", "{D0C84051-C701-4650-9C97-C405AC79A37E}"
EndProject
Project("{FAE04EC0-301F-11D3-BF4B-00C04F79EFBC}") = "Tyuiu.ZaripovEO.Sprint6.Task1.V13.Lib", "Tyuiu.ZaripovEO.Sprint6.Task1.V13.Lib\Tyuiu.ZaripovEO.Sprint6.Task1.V13.Lib.csproj", "{07BF09D4-1CA9-418C-AE2A-651A45B43400}"
EndProject
Project("{FAE04EC0-301F-11D3-BF4B-00C04F79EFBC}") = "Tyuiu.ZaripovEO.Sprint6.Task1.V13.Test", "Tyuiu.ZaripovEO.Sprint6.Task1.V13.Test\Tyuiu.ZaripovEO.Sprint6.Task1.V13.Test.csproj", "{A85ECF5D-EB37-4D00-965E-F581E8123E47}"
EndProject
Project("{2150E333-8FDC-42A3-9474-1A3956D46DE8}") = "Task2", "Task2", "{8E2E49FF-204D-438C-AB16-DB697B82FC21}"
EndProject
Project("{FAE04EC0-301F-11D3-BF4B-00C04F79EFBC}") = "Tyuiu.ZaripovEO.Sprint6.Task2.V28", "Tyuiu.ZaripovEO.Sprint6.Task2.V28\Tyuiu.ZaripovEO.Sprint6.Task2.V28.csproj", "{329061E3-9893-40E5-9590-F3DF10BC1BB1}"
EndProject
Project("{FAE04EC0-301F-11D3-BF4B-00C04F79EFBC}") = "Tyuiu.ZaripovEO.Sprint6.Task2.V28.Lib", "Tyuiu.ZaripovEO.Sprint6.Task2.V28.Lib\Tyuiu.ZaripovEO.Sprint6.Task2.V28.Lib.csproj", "{1D005D87-C5EA-4370-A790-0C431B75791B}"
EndProject
Project("{FAE04EC0-301F-11D3-BF4B-00C04F79EFBC}") = "Tyuiu.ZaripovEO.Sprint6.Task2.V28.Test", "Tyuiu.ZaripovEO.Sprint6.Task2.V28.Test\Tyuiu.ZaripovEO.Sprint6.Task2.V28.Test.csproj", "{C1454CCF-49DA-4109-83E9-EA9E369C4B97}"
EndProject
Project("{2150E333-8FDC-42A3-9474-1A3956D46DE8}") = "Task3", "Task3", "{1A275CF6-67DD-48D7-B602-18991502FCE9}"
EndProject
Project("{FAE04EC0-301F-11D3-BF4B-00C04F79EFBC}") = "Tyuiu.ZaripovEO.Sprint6.Task3.V23", "Tyuiu.ZaripovEO.Sprint6.Task3.V23\Tyuiu.ZaripovEO.Sprint6.Task3.V23.csproj", "{29F3429B-4446-4184-9A56-4C1BA2021484}"
EndProject
Project("{FAE04EC0-301F-11D3-BF4B-00C04F79EFBC}") = "Tyuiu.ZaripovEO.Sprint6.Task3.V23.Lib", "Tyuiu.ZaripovEO.Sprint6.Task3.V23.Lib\Tyuiu.ZaripovEO.Sprint6.Task3.V23.Lib.csproj", "{FCC2F59E-5973-49E6-B2EE-4DE9AF25F295}"
EndProject
Project("{FAE04EC0-301F-11D3-BF4B-00C04F79EFBC}") = "Tyuiu.ZaripovEO.Sprint6.Task3.V23.Test", "Tyuiu.ZaripovEO.Sprint6.Task3.V23.Test\Tyuiu.ZaripovEO.Sprint6.Task3.V23.Test.csproj", "{97048000-C5BA-44ED-BE01-178608CF2361}"
EndProject
Project("{2150E333-8FDC-42A3-9474-1A3956D46DE8}") = "Task4", "Task4", "{1F89D77D-BC9B-4F03-9BEB-088EBB492706}"
EndProject
Project("{FAE04EC0-301F-11D3-BF4B-00C04F79EFBC}") = "Tyuiu.ZaripovEO.Sprint6.Task4.V25", "Tyuiu.ZaripovEO.Sprint6.Task4.V25\Tyuiu.ZaripovEO.Sprint6.Task4.V25.csproj", "{5457AB93-E21F-4454-86A6-E113A7F8C5CD}"
EndProject
Project("{FAE04EC0-301F-11D3-BF4B-00C04F79EFBC}") = "Tyuiu.ZaripovEO.Sprint6.Task4.V25.Lib", "Tyuiu.ZaripovEO.Sprint6.Task4.V25.Lib\Tyuiu.ZaripovEO.Sprint6.Task4.V25.Lib.csproj", "{FEDDBE4D-F7F0-4C9E-AF13-6B1023139806}"
EndProject
Project("{FAE04EC0-301F-11D3-BF4B-00C04F79EFBC}") = "Tyuiu.ZaripovEO.Sprint6.Task4.V25.Test", "Tyuiu.ZaripovEO.Sprint6.Task4.V25.Test\Tyuiu.ZaripovEO.Sprint6.Task4.V25.Test.csproj", "{CB6A31AA-8936-4C53-8F3E-4CE2D979727D}"
EndProject
Global
	GlobalSection(SolutionConfigurationPlatforms) = preSolution
		Debug|Any CPU = Debug|Any CPU
		Release|Any CPU = Release|Any CPU
	EndGlobalSection
	GlobalSection(ProjectConfigurationPlatforms) = postSolution
		{10489844-638D-4FBE-9EFA-9DEC36C7B78E}.Debug|Any CPU.ActiveCfg = Debug|Any CPU
		{10489844-638D-4FBE-9EFA-9DEC36C7B78E}.Debug|Any CPU.Build.0 = Debug|Any CPU
		{10489844-638D-4FBE-9EFA-9DEC36C7B78E}.Release|Any CPU.ActiveCfg = Release|Any CPU
		{10489844-638D-4FBE-9EFA-9DEC36C7B78E}.Release|Any CPU.Build.0 = Release|Any CPU
		{F02F2B79-4EE5-4322-BD04-51238D74011C}.Debug|Any CPU.ActiveCfg = Debug|Any CPU
		{F02F2B79-4EE5-4322-BD04-51238D74011C}.Debug|Any CPU.Build.0 = Debug|Any CPU
		{F02F2B79-4EE5-4322-BD04-51238D74011C}.Release|Any CPU.ActiveCfg = Release|Any CPU
		{F02F2B79-4EE5-4322-BD04-51238D74011C}.Release|Any CPU.Build.0 = Release|Any CPU
		{AD2F76E5-D7CF-4E4F-914A-4CA591F1959D}.Debug|Any CPU.ActiveCfg = Debug|Any CPU
		{AD2F76E5-D7CF-4E4F-914A-4CA591F1959D}.Debug|Any CPU.Build.0 = Debug|Any CPU
		{AD2F76E5-D7CF-4E4F-914A-4CA591F1959D}.Release|Any CPU.ActiveCfg = Release|Any CPU
		{AD2F76E5-D7CF-4E4F-914A-4CA591F1959D}.Release|Any CPU.Build.0 = Release|Any CPU
		{D0C84051-C701-4650-9C97-C405AC79A37E}.Debug|Any CPU.ActiveCfg = Debug|Any CPU
		{D0C84051-C701-4650-9C97-C405AC79A37E}.Debug|Any CPU.Build.0 = Debug|Any CPU
		{D0C84051-C701-4650-9C97-C405AC79A37E}.Release|Any CPU.ActiveCfg = Release|Any CPU
		{D0C84051-C701-4650-9C97-C405AC79A37E}.Release|Any CPU.Build.0 = Release|Any CPU
		{07BF09D4-1CA9-418C-AE2A-651A45B43400}.Debug|Any CPU.ActiveCfg = Debug|Any CPU
		{07BF09D4-1CA9-418C-AE2A-651A45B43400}.Debug|Any CPU.Build.0 = Debug|Any CPU
		{07BF09D4-1CA9-418C-AE2A-651A45B43400}.Release|Any CPU.ActiveCfg = Release|Any CPU
		{07BF09D4-1CA9-418C-AE2A-651A45B43400}.Release|Any CPU.Build.0 = Release|Any CPU
		{A85ECF5D-EB37-4D00-965E-F581E8123E47}.Debug|Any CPU.ActiveCfg = Debug|Any CPU
		{A85ECF5D-EB37-4D00-965E-F581E8123E47}.Debug|Any CPU.Build.0 = Debug|Any CPU
		{A85ECF5D-EB37-4D00-965E-F581E8123E47}.Release|Any CPU.ActiveCfg = Release|Any CPU
		{A85ECF5D-EB37-4D00-965E-F581E8123E47}.Release|Any CPU.Build.0 = Release|Any CPU
		{329061E3-9893-40E5-9590-F3DF10BC1BB1}.Debug|Any CPU.ActiveCfg = Debug|Any CPU
		{329061E3-9893-40E5-9590-F3DF10BC1BB1}.Debug|Any CPU.Build.0 = Debug|Any CPU
		{329061E3-9893-40E5-9590-F3DF10BC1BB1}.Release|Any CPU.ActiveCfg = Release|Any CPU
		{329061E3-9893-40E5-9590-F3DF10BC1BB1}.Release|Any CPU.Build.0 = Release|Any CPU
		{1D005D87-C5EA-4370-A790-0C431B75791B}.Debug|Any CPU.ActiveCfg = Debug|Any CPU
		{1D005D87-C5EA-4370-A790-0C431B75791B}.Debug|Any CPU.Build.0 = Debug|Any CPU
		{1D005D87-C5EA-4370-A790-0C431B75791B}.Release|Any CPU.ActiveCfg = Release|Any CPU
		{1D005D87-C5EA-4370-A790-0C431B75791B}.Release|Any CPU.Build.0 = Release|Any CPU
		{C1454CCF-49DA-4109-83E9-EA9E369C4B97}.Debug|Any CPU.ActiveCfg = Debug|Any CPU
		{C1454CCF-49DA-4109-83E9-EA9E369C4B97}.Debug|Any CPU.Build.0 = Debug|Any CPU
		{C1454CCF-49DA-4109-83E9-EA9E369C4B97}.Release|Any CPU.ActiveCfg = Release|Any CPU
		{C1454CCF-49DA-4109-83E9-EA9E369C4B97}.Release|Any CPU.Build.0 = Release|Any CPU
		{29F3429B-4446-4184-9A56-4C1BA2021484}.Debug|Any CPU.ActiveCfg = Debug|Any CPU
		{29F3429B-4446-4184-9A56-4C1BA2021484}.Debug|Any CPU.Build.0 = Debug|Any CPU
		{29F3429B-4446-4184-9A56-4C1BA2021484}.Release|Any CPU.ActiveCfg = Release|Any CPU
		{29F3429B-4446-4184-9A56-4C1BA2021484}.Release|Any CPU.Build.0 = Release|Any CPU
		{FCC2F59E-5973-49E6-B2EE-4DE9AF25F295}.Debug|Any CPU.ActiveCfg = Debug|Any CPU
		{FCC2F59E-5973-49E6-B2EE-4DE9AF25F295}.Debug|Any CPU.Build.0 = Debug|Any CPU
		{FCC2F59E-5973-49E6-B2EE-4DE9AF25F295}.Release|Any CPU.ActiveCfg = Release|Any CPU
		{FCC2F59E-5973-49E6-B2EE-4DE9AF25F295}.Release|Any CPU.Build.0 = Release|Any CPU
		{97048000-C5BA-44ED-BE01-178608CF2361}.Debug|Any CPU.ActiveCfg = Debug|Any CPU
		{97048000-C5BA-44ED-BE01-178608CF2361}.Debug|Any CPU.Build.0 = Debug|Any CPU
		{97048000-C5BA-44ED-BE01-178608CF2361}.Release|Any CPU.ActiveCfg = Release|Any CPU
		{97048000-C5BA-44ED-BE01-178608CF2361}.Release|Any CPU.Build.0 = Release|Any CPU
		{5457AB93-E21F-4454-86A6-E113A7F8C5CD}.Debug|Any CPU.ActiveCfg = Debug|Any CPU
		{5457AB93-E21F-4454-86A6-E113A7F8C5CD}.Debug|Any CPU.Build.0 = Debug|Any CPU
		{5457AB93-E21F-4454-86A6-E113A7F8C5CD}.Release|Any CPU.ActiveCfg = Release|Any CPU
		{5457AB93-E21F-4454-86A6-E113A7F8C5CD}.Release|Any CPU.Build.0 = Release|Any CPU
		{FEDDBE4D-F7F0-4C9E-AF13-6B1023139806}.Debug|Any CPU.ActiveCfg = Debug|Any CPU
		{FEDDBE4D-F7F0-4C9E-AF13-6B1023139806}.Debug|Any CPU.Build.0 = Debug|Any CPU
		{FEDDBE4D-F7F0-4C9E-AF13-6B1023139806}.Release|Any CPU.ActiveCfg = Release|Any CPU
		{FEDDBE4D-F7F0-4C9E-AF13-6B1023139806}.Release|Any CPU.Build.0 = Release|Any CPU
		{CB6A31AA-8936-4C53-8F3E-4CE2D979727D}.Debug|Any CPU.ActiveCfg = Debug|Any CPU
		{CB6A31AA-8936-4C53-8F3E-4CE2D979727D}.Debug|Any CPU.Build.0 = Debug|Any CPU
		{CB6A31AA-8936-4C53-8F3E-4CE2D979727D}.Release|Any CPU.ActiveCfg = Release|Any CPU
		{CB6A31AA-8936-4C53-8F3E-4CE2D979727D}.Release|Any CPU.Build.0 = Release|Any CPU
	EndGlobalSection
	GlobalSection(SolutionProperties) = preSolution
		HideSolutionNode = FALSE
	EndGlobalSection
	GlobalSection(NestedProjects) = preSolution
		{10489844-638D-4FBE-9EFA-9DEC36C7B78E} = {213C9603-13CA-4974-8B86-2D3C9E567B3A}
		{F02F2B79-4EE5-4322-BD04-51238D74011C} = {213C9603-13CA-4974-8B86-2D3C9E567B3A}
		{AD2F76E5-D7CF-4E4F-914A-4CA591F1959D} = {213C9603-13CA-4974-8B86-2D3C9E567B3A}
		{D0C84051-C701-4650-9C97-C405AC79A37E} = {AC0E55ED-06FC-4BEA-A1F3-C2D5570BCF1E}
		{07BF09D4-1CA9-418C-AE2A-651A45B43400} = {AC0E55ED-06FC-4BEA-A1F3-C2D5570BCF1E}
		{A85ECF5D-EB37-4D00-965E-F581E8123E47} = {AC0E55ED-06FC-4BEA-A1F3-C2D5570BCF1E}
		{329061E3-9893-40E5-9590-F3DF10BC1BB1} = {8E2E49FF-204D-438C-AB16-DB697B82FC21}
		{1D005D87-C5EA-4370-A790-0C431B75791B} = {8E2E49FF-204D-438C-AB16-DB697B82FC21}
		{C1454CCF-49DA-4109-83E9-EA9E369C4B97} = {8E2E49FF-204D-438C-AB16-DB697B82FC21}
		{29F3429B-4446-4184-9A56-4C1BA2021484} = {1A275CF6-67DD-48D7-B602-18991502FCE9}
		{FCC2F59E-5973-49E6-B2EE-4DE9AF25F295} = {1A275CF6-67DD-48D7-B602-18991502FCE9}
		{97048000-C5BA-44ED-BE01-178608CF2361} = {1A275CF6-67DD-48D7-B602-18991502FCE9}
		{5457AB93-E21F-4454-86A6-E113A7F8C5CD} = {1F89D77D-BC9B-4F03-9BEB-088EBB492706}
		{FEDDBE4D-F7F0-4C9E-AF13-6B1023139806} = {1F89D77D-BC9B-4F03-9BEB-088EBB492706}
		{CB6A31AA-8936-4C53-8F3E-4CE2D979727D} = {1F89D77D-BC9B-4F03-9BEB-088EBB492706}
	EndGlobalSection
	GlobalSection(ExtensibilityGlobals) = postSolution
		SolutionGuid = {BB3C3BDF-85DF-4B6F-9E24-AD95C458D947}
	EndGlobalSection
EndGlobal
